
Microsoft Visual Studio Solution File, Format Version 12.00
# Visual Studio Version 17
VisualStudioVersion = 17.5.2.0
MinimumVisualStudioVersion = 10.0.40219.1
Project("{2150E333-8FDC-42A3-9474-1A3956D46DE8}") = "src", "src", "{827E0CD3-B72D-47B6-A68D-7590B98EB39B}"
EndProject
Project("{FAE04EC0-301F-11D3-BF4B-00C04F79EFBC}") = "Catalog.API", "src\Catalog.API\Catalog.API.csproj", "{C14C49E7-3D57-F879-AF95-64AB5B0CCA56}"
EndProject
Project("{FAE04EC0-301F-11D3-BF4B-00C04F79EFBC}") = "Identity.API", "src\Identity.API\Identity.API.csproj", "{69903447-5DF6-22E7-90A7-81BEAEF72338}"
EndProject
Project("{2150E333-8FDC-42A3-9474-1A3956D46DE8}") = "services", "services", "{984BB9B3-3FA3-BE33-9484-CAC21695A33C}"
EndProject
Project("{FAE04EC0-301F-11D3-BF4B-00C04F79EFBC}") = "Identity.API", "src\services\Identity.API\Identity.API.csproj", "{C7CBA38F-BA3D-430C-9A4F-009B50E7FC29}"
EndProject
Project("{2150E333-8FDC-42A3-9474-1A3956D46DE8}") = "web", "web", "{03997797-E7F5-0643-168D-B8EA7178C2FE}"
EndProject
Project("{FAE04EC0-301F-11D3-BF4B-00C04F79EFBC}") = "BidOrBuy.Web", "src\web\BidOrBuy.Web\BidOrBuy.Web.csproj", "{E5EF5772-1177-42B0-BAB0-21443AAA801A}"
EndProject
Global
	GlobalSection(SolutionConfigurationPlatforms) = preSolution
		Debug|Any CPU = Debug|Any CPU
		Debug|x64 = Debug|x64
		Debug|x86 = Debug|x86
		Release|Any CPU = Release|Any CPU
		Release|x64 = Release|x64
		Release|x86 = Release|x86
	EndGlobalSection
	GlobalSection(ProjectConfigurationPlatforms) = postSolution
		{C14C49E7-3D57-F879-AF95-64AB5B0CCA56}.Debug|Any CPU.ActiveCfg = Debug|Any CPU
		{C14C49E7-3D57-F879-AF95-64AB5B0CCA56}.Debug|Any CPU.Build.0 = Debug|Any CPU
		{C14C49E7-3D57-F879-AF95-64AB5B0CCA56}.Debug|x64.ActiveCfg = Debug|Any CPU
		{C14C49E7-3D57-F879-AF95-64AB5B0CCA56}.Debug|x64.Build.0 = Debug|Any CPU
		{C14C49E7-3D57-F879-AF95-64AB5B0CCA56}.Debug|x86.ActiveCfg = Debug|Any CPU
		{C14C49E7-3D57-F879-AF95-64AB5B0CCA56}.Debug|x86.Build.0 = Debug|Any CPU
		{C14C49E7-3D57-F879-AF95-64AB5B0CCA56}.Release|Any CPU.ActiveCfg = Release|Any CPU
		{C14C49E7-3D57-F879-AF95-64AB5B0CCA56}.Release|Any CPU.Build.0 = Release|Any CPU
		{C14C49E7-3D57-F879-AF95-64AB5B0CCA56}.Release|x64.ActiveCfg = Release|Any CPU
		{C14C49E7-3D57-F879-AF95-64AB5B0CCA56}.Release|x64.Build.0 = Release|Any CPU
		{C14C49E7-3D57-F879-AF95-64AB5B0CCA56}.Release|x86.ActiveCfg = Release|Any CPU
		{C14C49E7-3D57-F879-AF95-64AB5B0CCA56}.Release|x86.Build.0 = Release|Any CPU
		{69903447-5DF6-22E7-90A7-81BEAEF72338}.Debug|Any CPU.ActiveCfg = Debug|Any CPU
		{69903447-5DF6-22E7-90A7-81BEAEF72338}.Debug|Any CPU.Build.0 = Debug|Any CPU
		{69903447-5DF6-22E7-90A7-81BEAEF72338}.Debug|x64.ActiveCfg = Debug|Any CPU
		{69903447-5DF6-22E7-90A7-81BEAEF72338}.Debug|x64.Build.0 = Debug|Any CPU
		{69903447-5DF6-22E7-90A7-81BEAEF72338}.Debug|x86.ActiveCfg = Debug|Any CPU
		{69903447-5DF6-22E7-90A7-81BEAEF72338}.Debug|x86.Build.0 = Debug|Any CPU
		{69903447-5DF6-22E7-90A7-81BEAEF72338}.Release|Any CPU.ActiveCfg = Release|Any CPU
		{69903447-5DF6-22E7-90A7-81BEAEF72338}.Release|Any CPU.Build.0 = Release|Any CPU
		{69903447-5DF6-22E7-90A7-81BEAEF72338}.Release|x64.ActiveCfg = Release|Any CPU
		{69903447-5DF6-22E7-90A7-81BEAEF72338}.Release|x64.Build.0 = Release|Any CPU
		{69903447-5DF6-22E7-90A7-81BEAEF72338}.Release|x86.ActiveCfg = Release|Any CPU
		{69903447-5DF6-22E7-90A7-81BEAEF72338}.Release|x86.Build.0 = Release|Any CPU
		{C7CBA38F-BA3D-430C-9A4F-009B50E7FC29}.Debug|Any CPU.ActiveCfg = Debug|Any CPU
		{C7CBA38F-BA3D-430C-9A4F-009B50E7FC29}.Debug|Any CPU.Build.0 = Debug|Any CPU
		{C7CBA38F-BA3D-430C-9A4F-009B50E7FC29}.Debug|x64.ActiveCfg = Debug|Any CPU
		{C7CBA38F-BA3D-430C-9A4F-009B50E7FC29}.Debug|x64.Build.0 = Debug|Any CPU
		{C7CBA38F-BA3D-430C-9A4F-009B50E7FC29}.Debug|x86.ActiveCfg = Debug|Any CPU
		{C7CBA38F-BA3D-430C-9A4F-009B50E7FC29}.Debug|x86.Build.0 = Debug|Any CPU
		{C7CBA38F-BA3D-430C-9A4F-009B50E7FC29}.Release|Any CPU.ActiveCfg = Release|Any CPU
		{C7CBA38F-BA3D-430C-9A4F-009B50E7FC29}.Release|Any CPU.Build.0 = Release|Any CPU
		{C7CBA38F-BA3D-430C-9A4F-009B50E7FC29}.Release|x64.ActiveCfg = Release|Any CPU
		{C7CBA38F-BA3D-430C-9A4F-009B50E7FC29}.Release|x64.Build.0 = Release|Any CPU
		{C7CBA38F-BA3D-430C-9A4F-009B50E7FC29}.Release|x86.ActiveCfg = Release|Any CPU
		{C7CBA38F-BA3D-430C-9A4F-009B50E7FC29}.Release|x86.Build.0 = Release|Any CPU
		{E5EF5772-1177-42B0-BAB0-21443AAA801A}.Debug|Any CPU.ActiveCfg = Debug|Any CPU
		{E5EF5772-1177-42B0-BAB0-21443AAA801A}.Debug|Any CPU.Build.0 = Debug|Any CPU
		{E5EF5772-1177-42B0-BAB0-21443AAA801A}.Debug|x64.ActiveCfg = Debug|Any CPU
		{E5EF5772-1177-42B0-BAB0-21443AAA801A}.Debug|x64.Build.0 = Debug|Any CPU
		{E5EF5772-1177-42B0-BAB0-21443AAA801A}.Debug|x86.ActiveCfg = Debug|Any CPU
		{E5EF5772-1177-42B0-BAB0-21443AAA801A}.Debug|x86.Build.0 = Debug|Any CPU
		{E5EF5772-1177-42B0-BAB0-21443AAA801A}.Release|Any CPU.ActiveCfg = Release|Any CPU
		{E5EF5772-1177-42B0-BAB0-21443AAA801A}.Release|Any CPU.Build.0 = Release|Any CPU
		{E5EF5772-1177-42B0-BAB0-21443AAA801A}.Release|x64.ActiveCfg = Release|Any CPU
		{E5EF5772-1177-42B0-BAB0-21443AAA801A}.Release|x64.Build.0 = Release|Any CPU
		{E5EF5772-1177-42B0-BAB0-21443AAA801A}.Release|x86.ActiveCfg = Release|Any CPU
		{E5EF5772-1177-42B0-BAB0-21443AAA801A}.Release|x86.Build.0 = Release|Any CPU
	EndGlobalSection
	GlobalSection(SolutionProperties) = preSolution
		HideSolutionNode = FALSE
	EndGlobalSection
	GlobalSection(NestedProjects) = preSolution
		{C14C49E7-3D57-F879-AF95-64AB5B0CCA56} = {827E0CD3-B72D-47B6-A68D-7590B98EB39B}
		{69903447-5DF6-22E7-90A7-81BEAEF72338} = {827E0CD3-B72D-47B6-A68D-7590B98EB39B}
		{984BB9B3-3FA3-BE33-9484-CAC21695A33C} = {827E0CD3-B72D-47B6-A68D-7590B98EB39B}
		{C7CBA38F-BA3D-430C-9A4F-009B50E7FC29} = {984BB9B3-3FA3-BE33-9484-CAC21695A33C}
		{03997797-E7F5-0643-168D-B8EA7178C2FE} = {827E0CD3-B72D-47B6-A68D-7590B98EB39B}
		{E5EF5772-1177-42B0-BAB0-21443AAA801A} = {03997797-E7F5-0643-168D-B8EA7178C2FE}
	EndGlobalSection
	GlobalSection(ExtensibilityGlobals) = postSolution
		SolutionGuid = {F04F7B78-B25C-4632-804B-AB4990BCFE34}
	EndGlobalSection
EndGlobal
